{
  "requires": true,
  "lockfileVersion": 1,
  "dependencies": {
    "complexion": {
      "version": "0.2.1",
      "resolved": "https://registry.npmjs.org/complexion/-/complexion-0.2.1.tgz",
      "integrity": "sha512-NVK3Ibs0KihS3E6RyEWi4w1+gL5ZfhqpDnmdgtZtAcux2U2asRNkNyFt139YhsMNRnJ2pynAI3XuieaispjIHg==",
      "dev": true
    },
    "complexion-js": {
      "version": "0.2.1",
      "resolved": "https://registry.npmjs.org/complexion-js/-/complexion-js-0.2.1.tgz",
      "integrity": "sha512-vZeRuVY7TB9yz3tcL5kSqRff75alVwtvZyNIFSrOS0SXtZ6XiF+6nTL35Ek6jM6PjBbxAp2on3lmJxW6Oe9pkQ==",
      "dev": true
    },
    "option-parser": {
      "version": "1.0.0",
      "resolved": "https://registry.npmjs.org/option-parser/-/option-parser-1.0.0.tgz",
      "integrity": "sha1-nUcPlpt8sM0rtbdemYvplhulcgY=",
      "dev": true
    },
    "pretty-js": {
      "version": "0.2.1",
      "resolved": "https://registry.npmjs.org/pretty-js/-/pretty-js-0.2.1.tgz",
      "integrity": "sha512-o77y3N4thZLkHe8K6g05l2ozK8SjyMQs1rut2l/fF0dTwggE6FF0Cod6XghlBwJu3wF/NChBK69QpyS/UqtqVQ==",
      "dev": true,
      "requires": {
        "complexion": "^0.2.1",
        "complexion-js": "^0.2.1",
        "option-parser": "^1.0.0",
        "process-files": "^1.0.0"
      }
    },
    "process-files": {
      "version": "1.0.0",
      "resolved": "https://registry.npmjs.org/process-files/-/process-files-1.0.0.tgz",
      "integrity": "sha1-LRq4SHZ1IhhBqiv98iCFYU1YjyM=",
      "dev": true
    }
  }
}
